// !$*UTF8*$!
{
	archiveVersion = 1;
	classes = {
	};
	objectVersion = 48;
	objects = {

/* Begin PBXBuildFile section */
		189A0DF520DFA56600598448 /* AppDelegate.swift in Sources */ = {isa = PBXBuildFile; fileRef = 189A0DF420DFA56600598448 /* AppDelegate.swift */; };
		189A0DF720DFA56600598448 /* TopNewsViewController.swift in Sources */ = {isa = PBXBuildFile; fileRef = 189A0DF620DFA56600598448 /* TopNewsViewController.swift */; };
		189A0DFA20DFA56600598448 /* Main.storyboard in Resources */ = {isa = PBXBuildFile; fileRef = 189A0DF820DFA56600598448 /* Main.storyboard */; };
		189A0DFC20DFA56600598448 /* Assets.xcassets in Resources */ = {isa = PBXBuildFile; fileRef = 189A0DFB20DFA56600598448 /* Assets.xcassets */; };
		189A0DFF20DFA56600598448 /* LaunchScreen.storyboard in Resources */ = {isa = PBXBuildFile; fileRef = 189A0DFD20DFA56600598448 /* LaunchScreen.storyboard */; };
		189A0E0A20DFA65200598448 /* NewsConstants.swift in Sources */ = {isa = PBXBuildFile; fileRef = 189A0E0920DFA65200598448 /* NewsConstants.swift */; };
		189A0E0C20DFA67800598448 /* NewsClient.swift in Sources */ = {isa = PBXBuildFile; fileRef = 189A0E0B20DFA67800598448 /* NewsClient.swift */; };
		189A0E1220DFAD4600598448 /* EveryNewsViewController.swift in Sources */ = {isa = PBXBuildFile; fileRef = 189A0E1120DFAD4600598448 /* EveryNewsViewController.swift */; };
		189A0E1420DFAD6200598448 /* FavoriteNewsViewController.swift in Sources */ = {isa = PBXBuildFile; fileRef = 189A0E1320DFAD6200598448 /* FavoriteNewsViewController.swift */; };
		189A0E1620DFAD8100598448 /* NewsDetailsViewController.swift in Sources */ = {isa = PBXBuildFile; fileRef = 189A0E1520DFAD8100598448 /* NewsDetailsViewController.swift */; };
		189A0E1820DFADAC00598448 /* NewsFromSourceViewController.swift in Sources */ = {isa = PBXBuildFile; fileRef = 189A0E1720DFADAC00598448 /* NewsFromSourceViewController.swift */; };
		189A0E1A20DFE47400598448 /* NewsSourceViewController.swift in Sources */ = {isa = PBXBuildFile; fileRef = 189A0E1920DFE47400598448 /* NewsSourceViewController.swift */; };
		189A0E1C20E01E1300598448 /* NewsConveniance.swift in Sources */ = {isa = PBXBuildFile; fileRef = 189A0E1B20E01E1200598448 /* NewsConveniance.swift */; };
		18E3120D20E1C57100C0437B /* GCDBlackBox.swift in Sources */ = {isa = PBXBuildFile; fileRef = 18E3120C20E1C57100C0437B /* GCDBlackBox.swift */; };
		18E3120F20E1C5BD00C0437B /* DataController.swift in Sources */ = {isa = PBXBuildFile; fileRef = 18E3120E20E1C5BD00C0437B /* DataController.swift */; };
		18E3121120E1CADB00C0437B /* NewsSource.swift in Sources */ = {isa = PBXBuildFile; fileRef = 18E3121020E1CADB00C0437B /* NewsSource.swift */; };
		18E3121320E1CBDA00C0437B /* NewsContent.swift in Sources */ = {isa = PBXBuildFile; fileRef = 18E3121220E1CBDA00C0437B /* NewsContent.swift */; };
		18E3121520E1D03B00C0437B /* News.swift in Sources */ = {isa = PBXBuildFile; fileRef = 18E3121420E1D03B00C0437B /* News.swift */; };
		18E3121820E3DBB000C0437B /* MapKit.framework in Frameworks */ = {isa = PBXBuildFile; fileRef = 18E3121720E3DBB000C0437B /* MapKit.framework */; };
		18E3121B20E475D500C0437B /* My_News.xcdatamodeld in Sources */ = {isa = PBXBuildFile; fileRef = 18E3121920E475D500C0437B /* My_News.xcdatamodeld */; };
		18E3121D20E479C600C0437B /* MapLoader.swift in Sources */ = {isa = PBXBuildFile; fileRef = 18E3121C20E479C600C0437B /* MapLoader.swift */; };
		18E3122120E5616600C0437B /* NewsLikeReasonViewController.swift in Sources */ = {isa = PBXBuildFile; fileRef = 18E3122020E5616600C0437B /* NewsLikeReasonViewController.swift */; };
		18E3122320E65A4000C0437B /* UIViewController.swift in Sources */ = {isa = PBXBuildFile; fileRef = 18E3122220E65A4000C0437B /* UIViewController.swift */; };
/* End PBXBuildFile section */

/* Begin PBXFileReference section */
		189A0DF120DFA56600598448 /* MyNews.app */ = {isa = PBXFileReference; explicitFileType = wrapper.application; includeInIndex = 0; path = MyNews.app; sourceTree = BUILT_PRODUCTS_DIR; };
		189A0DF420DFA56600598448 /* AppDelegate.swift */ = {isa = PBXFileReference; lastKnownFileType = sourcecode.swift; path = AppDelegate.swift; sourceTree = "<group>"; };
		189A0DF620DFA56600598448 /* TopNewsViewController.swift */ = {isa = PBXFileReference; lastKnownFileType = sourcecode.swift; path = TopNewsViewController.swift; sourceTree = "<group>"; };
		189A0DF920DFA56600598448 /* Base */ = {isa = PBXFileReference; lastKnownFileType = file.storyboard; name = Base; path = Base.lproj/Main.storyboard; sourceTree = "<group>"; };
		189A0DFB20DFA56600598448 /* Assets.xcassets */ = {isa = PBXFileReference; lastKnownFileType = folder.assetcatalog; path = Assets.xcassets; sourceTree = "<group>"; };
		189A0DFE20DFA56600598448 /* Base */ = {isa = PBXFileReference; lastKnownFileType = file.storyboard; name = Base; path = Base.lproj/LaunchScreen.storyboard; sourceTree = "<group>"; };
		189A0E0020DFA56600598448 /* Info.plist */ = {isa = PBXFileReference; lastKnownFileType = text.plist.xml; path = Info.plist; sourceTree = "<group>"; };
		189A0E0920DFA65200598448 /* NewsConstants.swift */ = {isa = PBXFileReference; lastKnownFileType = sourcecode.swift; path = NewsConstants.swift; sourceTree = "<group>"; };
		189A0E0B20DFA67800598448 /* NewsClient.swift */ = {isa = PBXFileReference; lastKnownFileType = sourcecode.swift; path = NewsClient.swift; sourceTree = "<group>"; };
		189A0E1120DFAD4600598448 /* EveryNewsViewController.swift */ = {isa = PBXFileReference; lastKnownFileType = sourcecode.swift; path = EveryNewsViewController.swift; sourceTree = "<group>"; };
		189A0E1320DFAD6200598448 /* FavoriteNewsViewController.swift */ = {isa = PBXFileReference; lastKnownFileType = sourcecode.swift; path = FavoriteNewsViewController.swift; sourceTree = "<group>"; };
		189A0E1520DFAD8100598448 /* NewsDetailsViewController.swift */ = {isa = PBXFileReference; lastKnownFileType = sourcecode.swift; path = NewsDetailsViewController.swift; sourceTree = "<group>"; };
		189A0E1720DFADAC00598448 /* NewsFromSourceViewController.swift */ = {isa = PBXFileReference; lastKnownFileType = sourcecode.swift; path = NewsFromSourceViewController.swift; sourceTree = "<group>"; };
		189A0E1920DFE47400598448 /* NewsSourceViewController.swift */ = {isa = PBXFileReference; lastKnownFileType = sourcecode.swift; path = NewsSourceViewController.swift; sourceTree = "<group>"; };
		189A0E1B20E01E1200598448 /* NewsConveniance.swift */ = {isa = PBXFileReference; lastKnownFileType = sourcecode.swift; path = NewsConveniance.swift; sourceTree = "<group>"; };
		18E3120C20E1C57100C0437B /* GCDBlackBox.swift */ = {isa = PBXFileReference; lastKnownFileType = sourcecode.swift; path = GCDBlackBox.swift; sourceTree = "<group>"; };
		18E3120E20E1C5BD00C0437B /* DataController.swift */ = {isa = PBXFileReference; lastKnownFileType = sourcecode.swift; path = DataController.swift; sourceTree = "<group>"; };
		18E3121020E1CADB00C0437B /* NewsSource.swift */ = {isa = PBXFileReference; lastKnownFileType = sourcecode.swift; path = NewsSource.swift; sourceTree = "<group>"; };
		18E3121220E1CBDA00C0437B /* NewsContent.swift */ = {isa = PBXFileReference; lastKnownFileType = sourcecode.swift; path = NewsContent.swift; sourceTree = "<group>"; };
		18E3121420E1D03B00C0437B /* News.swift */ = {isa = PBXFileReference; lastKnownFileType = sourcecode.swift; path = News.swift; sourceTree = "<group>"; };
		18E3121720E3DBB000C0437B /* MapKit.framework */ = {isa = PBXFileReference; lastKnownFileType = wrapper.framework; name = MapKit.framework; path = System/Library/Frameworks/MapKit.framework; sourceTree = SDKROOT; };
		18E3121A20E475D500C0437B /* My_News.xcdatamodel */ = {isa = PBXFileReference; lastKnownFileType = wrapper.xcdatamodel; path = My_News.xcdatamodel; sourceTree = "<group>"; };
		18E3121C20E479C600C0437B /* MapLoader.swift */ = {isa = PBXFileReference; lastKnownFileType = sourcecode.swift; path = MapLoader.swift; sourceTree = "<group>"; };
		18E3122020E5616600C0437B /* NewsLikeReasonViewController.swift */ = {isa = PBXFileReference; fileEncoding = 4; lastKnownFileType = sourcecode.swift; path = NewsLikeReasonViewController.swift; sourceTree = "<group>"; };
		18E3122220E65A4000C0437B /* UIViewController.swift */ = {isa = PBXFileReference; lastKnownFileType = sourcecode.swift; path = UIViewController.swift; sourceTree = "<group>"; };
/* End PBXFileReference section */

/* Begin PBXFrameworksBuildPhase section */
		189A0DEE20DFA56600598448 /* Frameworks */ = {
			isa = PBXFrameworksBuildPhase;
			buildActionMask = 2147483647;
			files = (
				18E3121820E3DBB000C0437B /* MapKit.framework in Frameworks */,
			);
			runOnlyForDeploymentPostprocessing = 0;
		};
/* End PBXFrameworksBuildPhase section */

/* Begin PBXGroup section */
		189A0DE820DFA56500598448 = {
			isa = PBXGroup;
			children = (
				189A0DF320DFA56600598448 /* MyNews */,
				189A0DF220DFA56600598448 /* Products */,
				18E3121620E3DBB000C0437B /* Frameworks */,
			);
			sourceTree = "<group>";
		};
		189A0DF220DFA56600598448 /* Products */ = {
			isa = PBXGroup;
			children = (
				189A0DF120DFA56600598448 /* MyNews.app */,
			);
			name = Products;
			sourceTree = "<group>";
		};
		189A0DF320DFA56600598448 /* MyNews */ = {
			isa = PBXGroup;
			children = (
				189A0DF420DFA56600598448 /* AppDelegate.swift */,
				18E3120C20E1C57100C0437B /* GCDBlackBox.swift */,
				189A0E0620DFA58B00598448 /* Model */,
				189A0E0D20DFA6D400598448 /* View */,
				189A0E0E20DFA6DD00598448 /* Controller */,
				189A0E0F20DFA6F300598448 /* Assets */,
				189A0E1020DFA71400598448 /* Supporting Files */,
			);
			path = MyNews;
			sourceTree = "<group>";
		};
		189A0E0620DFA58B00598448 /* Model */ = {
			isa = PBXGroup;
			children = (
				189A0E0720DFA59900598448 /* Client */,
				18E3120E20E1C5BD00C0437B /* DataController.swift */,
				18E3121C20E479C600C0437B /* MapLoader.swift */,
				18E3121920E475D500C0437B /* My_News.xcdatamodeld */,
			);
			path = Model;
			sourceTree = "<group>";
		};
		189A0E0720DFA59900598448 /* Client */ = {
			isa = PBXGroup;
			children = (
				189A0E0820DFA63900598448 /* News */,
				18E3121020E1CADB00C0437B /* NewsSource.swift */,
				18E3121220E1CBDA00C0437B /* NewsContent.swift */,
			);
			path = Client;
			sourceTree = "<group>";
		};
		189A0E0820DFA63900598448 /* News */ = {
			isa = PBXGroup;
			children = (
				189A0E0920DFA65200598448 /* NewsConstants.swift */,
				189A0E0B20DFA67800598448 /* NewsClient.swift */,
				189A0E1B20E01E1200598448 /* NewsConveniance.swift */,
				18E3121420E1D03B00C0437B /* News.swift */,
			);
			path = News;
			sourceTree = "<group>";
		};
		189A0E0D20DFA6D400598448 /* View */ = {
			isa = PBXGroup;
			children = (
			);
			path = View;
			sourceTree = "<group>";
		};
		189A0E0E20DFA6DD00598448 /* Controller */ = {
			isa = PBXGroup;
			children = (
				18E3122020E5616600C0437B /* NewsLikeReasonViewController.swift */,
				189A0DF620DFA56600598448 /* TopNewsViewController.swift */,
				189A0E1120DFAD4600598448 /* EveryNewsViewController.swift */,
				189A0E1320DFAD6200598448 /* FavoriteNewsViewController.swift */,
				189A0E1520DFAD8100598448 /* NewsDetailsViewController.swift */,
				189A0E1720DFADAC00598448 /* NewsFromSourceViewController.swift */,
				189A0E1920DFE47400598448 /* NewsSourceViewController.swift */,
				18E3122220E65A4000C0437B /* UIViewController.swift */,
			);
			path = Controller;
			sourceTree = "<group>";
		};
		189A0E0F20DFA6F300598448 /* Assets */ = {
			isa = PBXGroup;
			children = (
				189A0DF820DFA56600598448 /* Main.storyboard */,
				189A0DFB20DFA56600598448 /* Assets.xcassets */,
				189A0DFD20DFA56600598448 /* LaunchScreen.storyboard */,
			);
			path = Assets;
			sourceTree = "<group>";
		};
		189A0E1020DFA71400598448 /* Supporting Files */ = {
			isa = PBXGroup;
			children = (
				189A0E0020DFA56600598448 /* Info.plist */,
			);
			path = "Supporting Files";
			sourceTree = "<group>";
		};
		18E3121620E3DBB000C0437B /* Frameworks */ = {
			isa = PBXGroup;
			children = (
				18E3121720E3DBB000C0437B /* MapKit.framework */,
			);
			name = Frameworks;
			sourceTree = "<group>";
		};
/* End PBXGroup section */

/* Begin PBXNativeTarget section */
		189A0DF020DFA56600598448 /* MyNews */ = {
			isa = PBXNativeTarget;
			buildConfigurationList = 189A0E0320DFA56600598448 /* Build configuration list for PBXNativeTarget "MyNews" */;
			buildPhases = (
				189A0DED20DFA56600598448 /* Sources */,
				189A0DEE20DFA56600598448 /* Frameworks */,
				189A0DEF20DFA56600598448 /* Resources */,
			);
			buildRules = (
			);
			dependencies = (
			);
			name = MyNews;
			productName = MyNews;
			productReference = 189A0DF120DFA56600598448 /* MyNews.app */;
			productType = "com.apple.product-type.application";
		};
/* End PBXNativeTarget section */

/* Begin PBXProject section */
		189A0DE920DFA56500598448 /* Project object */ = {
			isa = PBXProject;
			attributes = {
				LastSwiftUpdateCheck = 0900;
				LastUpgradeCheck = 0900;
				ORGANIZATIONNAME = Apple;
				TargetAttributes = {
					189A0DF020DFA56600598448 = {
						CreatedOnToolsVersion = 9.0;
						ProvisioningStyle = Automatic;
						SystemCapabilities = {
							com.apple.Maps.iOS = {
								enabled = 1;
							};
						};
					};
				};
			};
			buildConfigurationList = 189A0DEC20DFA56500598448 /* Build configuration list for PBXProject "MyNews" */;
			compatibilityVersion = "Xcode 8.0";
			developmentRegion = en;
			hasScannedForEncodings = 0;
			knownRegions = (
				en,
				Base,
			);
			mainGroup = 189A0DE820DFA56500598448;
			productRefGroup = 189A0DF220DFA56600598448 /* Products */;
			projectDirPath = "";
			projectRoot = "";
			targets = (
				189A0DF020DFA56600598448 /* MyNews */,
			);
		};
/* End PBXProject section */

/* Begin PBXResourcesBuildPhase section */
		189A0DEF20DFA56600598448 /* Resources */ = {
			isa = PBXResourcesBuildPhase;
			buildActionMask = 2147483647;
			files = (
				189A0DFF20DFA56600598448 /* LaunchScreen.storyboard in Resources */,
				189A0DFC20DFA56600598448 /* Assets.xcassets in Resources */,
				189A0DFA20DFA56600598448 /* Main.storyboard in Resources */,
			);
			runOnlyForDeploymentPostprocessing = 0;
		};
/* End PBXResourcesBuildPhase section */

/* Begin PBXSourcesBuildPhase section */
		189A0DED20DFA56600598448 /* Sources */ = {
			isa = PBXSourcesBuildPhase;
			buildActionMask = 2147483647;
			files = (
				189A0E1C20E01E1300598448 /* NewsConveniance.swift in Sources */,
				18E3121D20E479C600C0437B /* MapLoader.swift in Sources */,
				18E3120F20E1C5BD00C0437B /* DataController.swift in Sources */,
				18E3122320E65A4000C0437B /* UIViewController.swift in Sources */,
				18E3121120E1CADB00C0437B /* NewsSource.swift in Sources */,
				18E3121520E1D03B00C0437B /* News.swift in Sources */,
				189A0E1420DFAD6200598448 /* FavoriteNewsViewController.swift in Sources */,
				189A0E1620DFAD8100598448 /* NewsDetailsViewController.swift in Sources */,
				189A0DF720DFA56600598448 /* TopNewsViewController.swift in Sources */,
				18E3120D20E1C57100C0437B /* GCDBlackBox.swift in Sources */,
				189A0DF520DFA56600598448 /* AppDelegate.swift in Sources */,
				189A0E1A20DFE47400598448 /* NewsSourceViewController.swift in Sources */,
				18E3121320E1CBDA00C0437B /* NewsContent.swift in Sources */,
				189A0E1220DFAD4600598448 /* EveryNewsViewController.swift in Sources */,
				189A0E0A20DFA65200598448 /* NewsConstants.swift in Sources */,
				189A0E0C20DFA67800598448 /* NewsClient.swift in Sources */,
				18E3121B20E475D500C0437B /* My_News.xcdatamodeld in Sources */,
				18E3122120E5616600C0437B /* NewsLikeReasonViewController.swift in Sources */,
				189A0E1820DFADAC00598448 /* NewsFromSourceViewController.swift in Sources */,
			);
			runOnlyForDeploymentPostprocessing = 0;
		};
/* End PBXSourcesBuildPhase section */

/* Begin PBXVariantGroup section */
		189A0DF820DFA56600598448 /* Main.storyboard */ = {
			isa = PBXVariantGroup;
			children = (
				189A0DF920DFA56600598448 /* Base */,
			);
			name = Main.storyboard;
			sourceTree = "<group>";
		};
		189A0DFD20DFA56600598448 /* LaunchScreen.storyboard */ = {
			isa = PBXVariantGroup;
			children = (
				189A0DFE20DFA56600598448 /* Base */,
			);
			name = LaunchScreen.storyboard;
			sourceTree = "<group>";
		};
/* End PBXVariantGroup section */

/* Begin XCBuildConfiguration section */
		189A0E0120DFA56600598448 /* Debug */ = {
			isa = XCBuildConfiguration;
			buildSettings = {
				ALWAYS_SEARCH_USER_PATHS = NO;
				CLANG_ANALYZER_NONNULL = YES;
				CLANG_ANALYZER_NUMBER_OBJECT_CONVERSION = YES_AGGRESSIVE;
				CLANG_CXX_LANGUAGE_STANDARD = "gnu++14";
				CLANG_CXX_LIBRARY = "libc++";
				CLANG_ENABLE_MODULES = YES;
				CLANG_ENABLE_OBJC_ARC = YES;
				CLANG_WARN_BLOCK_CAPTURE_AUTORELEASING = YES;
				CLANG_WARN_BOOL_CONVERSION = YES;
				CLANG_WARN_COMMA = YES;
				CLANG_WARN_CONSTANT_CONVERSION = YES;
				CLANG_WARN_DIRECT_OBJC_ISA_USAGE = YES_ERROR;
				CLANG_WARN_DOCUMENTATION_COMMENTS = YES;
				CLANG_WARN_EMPTY_BODY = YES;
				CLANG_WARN_ENUM_CONVERSION = YES;
				CLANG_WARN_INFINITE_RECURSION = YES;
				CLANG_WARN_INT_CONVERSION = YES;
				CLANG_WARN_NON_LITERAL_NULL_CONVERSION = YES;
				CLANG_WARN_OBJC_LITERAL_CONVERSION = YES;
				CLANG_WARN_OBJC_ROOT_CLASS = YES_ERROR;
				CLANG_WARN_RANGE_LOOP_ANALYSIS = YES;
				CLANG_WARN_STRICT_PROTOTYPES = YES;
				CLANG_WARN_SUSPICIOUS_MOVE = YES;
				CLANG_WARN_UNGUARDED_AVAILABILITY = YES_AGGRESSIVE;
				CLANG_WARN_UNREACHABLE_CODE = YES;
				CLANG_WARN__DUPLICATE_METHOD_MATCH = YES;
				CODE_SIGN_IDENTITY = "iPhone Developer";
				COPY_PHASE_STRIP = NO;
				DEBUG_INFORMATION_FORMAT = dwarf;
				ENABLE_STRICT_OBJC_MSGSEND = YES;
				ENABLE_TESTABILITY = YES;
				GCC_C_LANGUAGE_STANDARD = gnu11;
				GCC_DYNAMIC_NO_PIC = NO;
				GCC_NO_COMMON_BLOCKS = YES;
				GCC_OPTIMIZATION_LEVEL = 0;
				GCC_PREPROCESSOR_DEFINITIONS = (
					"DEBUG=1",
					"$(inherited)",
				);
				GCC_WARN_64_TO_32_BIT_CONVERSION = YES;
				GCC_WARN_ABOUT_RETURN_TYPE = YES_ERROR;
				GCC_WARN_UNDECLARED_SELECTOR = YES;
				GCC_WARN_UNINITIALIZED_AUTOS = YES_AGGRESSIVE;
				GCC_WARN_UNUSED_FUNCTION = YES;
				GCC_WARN_UNUSED_VARIABLE = YES;
				IPHONEOS_DEPLOYMENT_TARGET = 11.0;
				MTL_ENABLE_DEBUG_INFO = YES;
				ONLY_ACTIVE_ARCH = YES;
				SDKROOT = iphoneos;
				SWIFT_ACTIVE_COMPILATION_CONDITIONS = DEBUG;
				SWIFT_OPTIMIZATION_LEVEL = "-Onone";
			};
			name = Debug;
		};
		189A0E0220DFA56600598448 /* Release */ = {
			isa = XCBuildConfiguration;
			buildSettings = {
				ALWAYS_SEARCH_USER_PATHS = NO;
				CLANG_ANALYZER_NONNULL = YES;
				CLANG_ANALYZER_NUMBER_OBJECT_CONVERSION = YES_AGGRESSIVE;
				CLANG_CXX_LANGUAGE_STANDARD = "gnu++14";
				CLANG_CXX_LIBRARY = "libc++";
				CLANG_ENABLE_MODULES = YES;
				CLANG_ENABLE_OBJC_ARC = YES;
				CLANG_WARN_BLOCK_CAPTURE_AUTORELEASING = YES;
				CLANG_WARN_BOOL_CONVERSION = YES;
				CLANG_WARN_COMMA = YES;
				CLANG_WARN_CONSTANT_CONVERSION = YES;
				CLANG_WARN_DIRECT_OBJC_ISA_USAGE = YES_ERROR;
				CLANG_WARN_DOCUMENTATION_COMMENTS = YES;
				CLANG_WARN_EMPTY_BODY = YES;
				CLANG_WARN_ENUM_CONVERSION = YES;
				CLANG_WARN_INFINITE_RECURSION = YES;
				CLANG_WARN_INT_CONVERSION = YES;
				CLANG_WARN_NON_LITERAL_NULL_CONVERSION = YES;
				CLANG_WARN_OBJC_LITERAL_CONVERSION = YES;
				CLANG_WARN_OBJC_ROOT_CLASS = YES_ERROR;
				CLANG_WARN_RANGE_LOOP_ANALYSIS = YES;
				CLANG_WARN_STRICT_PROTOTYPES = YES;
				CLANG_WARN_SUSPICIOUS_MOVE = YES;
				CLANG_WARN_UNGUARDED_AVAILABILITY = YES_AGGRESSIVE;
				CLANG_WARN_UNREACHABLE_CODE = YES;
				CLANG_WARN__DUPLICATE_METHOD_MATCH = YES;
				CODE_SIGN_IDENTITY = "iPhone Developer";
				COPY_PHASE_STRIP = NO;
				DEBUG_INFORMATION_FORMAT = "dwarf-with-dsym";
				ENABLE_NS_ASSERTIONS = NO;
				ENABLE_STRICT_OBJC_MSGSEND = YES;
				GCC_C_LANGUAGE_STANDARD = gnu11;
				GCC_NO_COMMON_BLOCKS = YES;
				GCC_WARN_64_TO_32_BIT_CONVERSION = YES;
				GCC_WARN_ABOUT_RETURN_TYPE = YES_ERROR;
				GCC_WARN_UNDECLARED_SELECTOR = YES;
				GCC_WARN_UNINITIALIZED_AUTOS = YES_AGGRESSIVE;
				GCC_WARN_UNUSED_FUNCTION = YES;
				GCC_WARN_UNUSED_VARIABLE = YES;
				IPHONEOS_DEPLOYMENT_TARGET = 11.0;
				MTL_ENABLE_DEBUG_INFO = NO;
				SDKROOT = iphoneos;
				SWIFT_OPTIMIZATION_LEVEL = "-Owholemodule";
				VALIDATE_PRODUCT = YES;
			};
			name = Release;
		};
		189A0E0420DFA56600598448 /* Debug */ = {
			isa = XCBuildConfiguration;
			buildSettings = {
				ASSETCATALOG_COMPILER_APPICON_NAME = AppIcon;
				CODE_SIGN_STYLE = Automatic;
				DEVELOPMENT_TEAM = T73Z83244E;
				INFOPLIST_FILE = "$(SRCROOT)/MyNews/Supporting Files/Info.plist";
				LD_RUNPATH_SEARCH_PATHS = "$(inherited) @executable_path/Frameworks";
				PRODUCT_BUNDLE_IDENTIFIER = com.wt.MyNews;
				PRODUCT_NAME = "$(TARGET_NAME)";
				SWIFT_VERSION = 4.0;
				TARGETED_DEVICE_FAMILY = "1,2";
			};
			name = Debug;
		};
		189A0E0520DFA56600598448 /* Release */ = {
			isa = XCBuildConfiguration;
			buildSettings = {
				ASSETCATALOG_COMPILER_APPICON_NAME = AppIcon;
				CODE_SIGN_STYLE = Automatic;
				DEVELOPMENT_TEAM = T73Z83244E;
				INFOPLIST_FILE = "$(SRCROOT)/MyNews/Supporting Files/Info.plist";
				LD_RUNPATH_SEARCH_PATHS = "$(inherited) @executable_path/Frameworks";
				PRODUCT_BUNDLE_IDENTIFIER = com.wt.MyNews;
				PRODUCT_NAME = "$(TARGET_NAME)";
				SWIFT_VERSION = 4.0;
				TARGETED_DEVICE_FAMILY = "1,2";
			};
			name = Release;
		};
/* End XCBuildConfiguration section */

/* Begin XCConfigurationList section */
		189A0DEC20DFA56500598448 /* Build configuration list for PBXProject "MyNews" */ = {
			isa = XCConfigurationList;
			buildConfigurations = (
				189A0E0120DFA56600598448 /* Debug */,
				189A0E0220DFA56600598448 /* Release */,
			);
			defaultConfigurationIsVisible = 0;
			defaultConfigurationName = Release;
		};
		189A0E0320DFA56600598448 /* Build configuration list for PBXNativeTarget "MyNews" */ = {
			isa = XCConfigurationList;
			buildConfigurations = (
				189A0E0420DFA56600598448 /* Debug */,
				189A0E0520DFA56600598448 /* Release */,
			);
			defaultConfigurationIsVisible = 0;
			defaultConfigurationName = Release;
		};
/* End XCConfigurationList section */

/* Begin XCVersionGroup section */
		18E3121920E475D500C0437B /* My_News.xcdatamodeld */ = {
			isa = XCVersionGroup;
			children = (
				18E3121A20E475D500C0437B /* My_News.xcdatamodel */,
			);
			currentVersion = 18E3121A20E475D500C0437B /* My_News.xcdatamodel */;
			path = My_News.xcdatamodeld;
			sourceTree = "<group>";
			versionGroupType = wrapper.xcdatamodel;
		};
/* End XCVersionGroup section */
	};
	rootObject = 189A0DE920DFA56500598448 /* Project object */;
}
